
Microsoft Visual Studio Solution File, Format Version 12.00
# Visual Studio Version 16
VisualStudioVersion = 16.0.29025.244
MinimumVisualStudioVersion = 10.0.40219.1
Project("{FAE04EC0-301F-11D3-BF4B-00C04F79EFBC}") = "Azure.AppInsights.API", "Azure.AppInsights.API\Azure.AppInsights.API.csproj", "{0D97CEE9-7F61-4203-B2B3-71DDD94A37C3}"
EndProject
Project("{2150E333-8FDC-42A3-9474-1A3956D46DE8}") = "Tests", "Tests", "{C7A1D75C-B832-46F3-BE93-506731053E2A}"
EndProject
Project("{FAE04EC0-301F-11D3-BF4B-00C04F79EFBC}") = "Azure.AppInsights.API.Tests", "Azure.AppInsights.API.Tests\Azure.AppInsights.API.Tests.csproj", "{60C74098-227C-4C9F-A73B-3461A1E4FC1E}"
EndProject
Project("{2150E333-8FDC-42A3-9474-1A3956D46DE8}") = "Samples", "Samples", "{4036BDD0-106E-40D6-9407-04BB18702E6D}"
EndProject
Project("{FAE04EC0-301F-11D3-BF4B-00C04F79EFBC}") = "Azure.AppInsights.API.Samples.Console", "Azure.AppInsights.API.Samples.Console\Azure.AppInsights.API.Samples.Console.csproj", "{C7E6C024-688D-4E84-B4B4-08B0797D4E16}"
EndProject
Global
	GlobalSection(SolutionConfigurationPlatforms) = preSolution
		Debug|Any CPU = Debug|Any CPU
		Release|Any CPU = Release|Any CPU
	EndGlobalSection
	GlobalSection(ProjectConfigurationPlatforms) = postSolution
		{0D97CEE9-7F61-4203-B2B3-71DDD94A37C3}.Debug|Any CPU.ActiveCfg = Debug|Any CPU
		{0D97CEE9-7F61-4203-B2B3-71DDD94A37C3}.Debug|Any CPU.Build.0 = Debug|Any CPU
		{0D97CEE9-7F61-4203-B2B3-71DDD94A37C3}.Release|Any CPU.ActiveCfg = Release|Any CPU
		{0D97CEE9-7F61-4203-B2B3-71DDD94A37C3}.Release|Any CPU.Build.0 = Release|Any CPU
		{60C74098-227C-4C9F-A73B-3461A1E4FC1E}.Debug|Any CPU.ActiveCfg = Debug|Any CPU
		{60C74098-227C-4C9F-A73B-3461A1E4FC1E}.Debug|Any CPU.Build.0 = Debug|Any CPU
		{60C74098-227C-4C9F-A73B-3461A1E4FC1E}.Release|Any CPU.ActiveCfg = Release|Any CPU
		{60C74098-227C-4C9F-A73B-3461A1E4FC1E}.Release|Any CPU.Build.0 = Release|Any CPU
		{C7E6C024-688D-4E84-B4B4-08B0797D4E16}.Debug|Any CPU.ActiveCfg = Debug|Any CPU
		{C7E6C024-688D-4E84-B4B4-08B0797D4E16}.Debug|Any CPU.Build.0 = Debug|Any CPU
		{C7E6C024-688D-4E84-B4B4-08B0797D4E16}.Release|Any CPU.ActiveCfg = Release|Any CPU
		{C7E6C024-688D-4E84-B4B4-08B0797D4E16}.Release|Any CPU.Build.0 = Release|Any CPU
	EndGlobalSection
	GlobalSection(SolutionProperties) = preSolution
		HideSolutionNode = FALSE
	EndGlobalSection
	GlobalSection(NestedProjects) = preSolution
		{60C74098-227C-4C9F-A73B-3461A1E4FC1E} = {C7A1D75C-B832-46F3-BE93-506731053E2A}
		{C7E6C024-688D-4E84-B4B4-08B0797D4E16} = {4036BDD0-106E-40D6-9407-04BB18702E6D}
	EndGlobalSection
	GlobalSection(ExtensibilityGlobals) = postSolution
		SolutionGuid = {F37CE7DF-CA03-49D6-BE21-2A7AA18B0DCA}
	EndGlobalSection
EndGlobal
